// !$*UTF8*$!
{
	archiveVersion = 1;
	classes = {
	};
	objectVersion = 50;
	objects = {

/* Begin PBXBuildFile section */
		4B170F6E23E1F8520031C7D0 /* HoursTableViewCell.swift in Sources */ = {isa = PBXBuildFile; fileRef = 4B170F6D23E1F8520031C7D0 /* HoursTableViewCell.swift */; };
		4B170F7023E1F85E0031C7D0 /* DonationTableViewCell.swift in Sources */ = {isa = PBXBuildFile; fileRef = 4B170F6F23E1F85E0031C7D0 /* DonationTableViewCell.swift */; };
		4B170F7223E1F88E0031C7D0 /* EntryTableViewCell.swift in Sources */ = {isa = PBXBuildFile; fileRef = 4B170F7123E1F88E0031C7D0 /* EntryTableViewCell.swift */; };
		4B7CFCC823DC0CED008B2EB2 /* AppDelegate.swift in Sources */ = {isa = PBXBuildFile; fileRef = 4B7CFCC723DC0CED008B2EB2 /* AppDelegate.swift */; };
		4B7CFCCA23DC0CED008B2EB2 /* ViewController.swift in Sources */ = {isa = PBXBuildFile; fileRef = 4B7CFCC923DC0CED008B2EB2 /* ViewController.swift */; };
		4B7CFCCD23DC0CED008B2EB2 /* Main.storyboard in Resources */ = {isa = PBXBuildFile; fileRef = 4B7CFCCB23DC0CED008B2EB2 /* Main.storyboard */; };
		4B7CFCD023DC0CED008B2EB2 /* Voluntracker.xcdatamodeld in Sources */ = {isa = PBXBuildFile; fileRef = 4B7CFCCE23DC0CED008B2EB2 /* Voluntracker.xcdatamodeld */; };
		4B7CFCD223DC0CF0008B2EB2 /* Assets.xcassets in Resources */ = {isa = PBXBuildFile; fileRef = 4B7CFCD123DC0CF0008B2EB2 /* Assets.xcassets */; };
		4B7CFCD523DC0CF0008B2EB2 /* LaunchScreen.storyboard in Resources */ = {isa = PBXBuildFile; fileRef = 4B7CFCD323DC0CF0008B2EB2 /* LaunchScreen.storyboard */; };
		4B7CFCE723DEC461008B2EB2 /* Default-568h@2x.png in Resources */ = {isa = PBXBuildFile; fileRef = 4B7CFCE623DEC461008B2EB2 /* Default-568h@2x.png */; };
/* End PBXBuildFile section */

/* Begin PBXFileReference section */
		4B170F6D23E1F8520031C7D0 /* HoursTableViewCell.swift */ = {isa = PBXFileReference; lastKnownFileType = sourcecode.swift; path = HoursTableViewCell.swift; sourceTree = "<group>"; };
		4B170F6F23E1F85E0031C7D0 /* DonationTableViewCell.swift */ = {isa = PBXFileReference; lastKnownFileType = sourcecode.swift; path = DonationTableViewCell.swift; sourceTree = "<group>"; };
		4B170F7123E1F88E0031C7D0 /* EntryTableViewCell.swift */ = {isa = PBXFileReference; lastKnownFileType = sourcecode.swift; path = EntryTableViewCell.swift; sourceTree = "<group>"; };
		4B7CFCC423DC0CED008B2EB2 /* Voluntracker.app */ = {isa = PBXFileReference; explicitFileType = wrapper.application; includeInIndex = 0; path = Voluntracker.app; sourceTree = BUILT_PRODUCTS_DIR; };
		4B7CFCC723DC0CED008B2EB2 /* AppDelegate.swift */ = {isa = PBXFileReference; lastKnownFileType = sourcecode.swift; path = AppDelegate.swift; sourceTree = "<group>"; };
		4B7CFCC923DC0CED008B2EB2 /* ViewController.swift */ = {isa = PBXFileReference; lastKnownFileType = sourcecode.swift; path = ViewController.swift; sourceTree = "<group>"; };
		4B7CFCCC23DC0CED008B2EB2 /* Base */ = {isa = PBXFileReference; lastKnownFileType = file.storyboard; name = Base; path = Base.lproj/Main.storyboard; sourceTree = "<group>"; };
		4B7CFCCF23DC0CED008B2EB2 /* Voluntracker.xcdatamodel */ = {isa = PBXFileReference; lastKnownFileType = wrapper.xcdatamodel; path = Voluntracker.xcdatamodel; sourceTree = "<group>"; };
		4B7CFCD123DC0CF0008B2EB2 /* Assets.xcassets */ = {isa = PBXFileReference; lastKnownFileType = folder.assetcatalog; path = Assets.xcassets; sourceTree = "<group>"; };
		4B7CFCD423DC0CF0008B2EB2 /* Base */ = {isa = PBXFileReference; lastKnownFileType = file.storyboard; name = Base; path = Base.lproj/LaunchScreen.storyboard; sourceTree = "<group>"; };
		4B7CFCD623DC0CF0008B2EB2 /* Info.plist */ = {isa = PBXFileReference; lastKnownFileType = text.plist.xml; path = Info.plist; sourceTree = "<group>"; };
		4B7CFCE623DEC461008B2EB2 /* Default-568h@2x.png */ = {isa = PBXFileReference; lastKnownFileType = image.png; path = "Default-568h@2x.png"; sourceTree = "<group>"; };
		4B7CFCE823DEC621008B2EB2 /* README.md */ = {isa = PBXFileReference; lastKnownFileType = net.daringfireball.markdown; path = README.md; sourceTree = "<group>"; };
/* End PBXFileReference section */

/* Begin PBXFrameworksBuildPhase section */
		4B7CFCC123DC0CED008B2EB2 /* Frameworks */ = {
			isa = PBXFrameworksBuildPhase;
			buildActionMask = 2147483647;
			files = (
			);
			runOnlyForDeploymentPostprocessing = 0;
		};
/* End PBXFrameworksBuildPhase section */

/* Begin PBXGroup section */
		4B170F6B23E1F8210031C7D0 /* Views */ = {
			isa = PBXGroup;
			children = (
				4B170F6D23E1F8520031C7D0 /* HoursTableViewCell.swift */,
				4B170F6F23E1F85E0031C7D0 /* DonationTableViewCell.swift */,
				4B170F7123E1F88E0031C7D0 /* EntryTableViewCell.swift */,
			);
			path = Views;
			sourceTree = "<group>";
		};
		4B170F6C23E1F8280031C7D0 /* Extensions */ = {
			isa = PBXGroup;
			children = (
			);
			path = Extensions;
			sourceTree = "<group>";
		};
		4B7CFCBB23DC0CED008B2EB2 = {
			isa = PBXGroup;
			children = (
				4B7CFCE823DEC621008B2EB2 /* README.md */,
				4B7CFCC623DC0CED008B2EB2 /* Voluntracker */,
				4B7CFCC523DC0CED008B2EB2 /* Products */,
			);
			sourceTree = "<group>";
		};
		4B7CFCC523DC0CED008B2EB2 /* Products */ = {
			isa = PBXGroup;
			children = (
				4B7CFCC423DC0CED008B2EB2 /* Voluntracker.app */,
			);
			name = Products;
			sourceTree = "<group>";
		};
		4B7CFCC623DC0CED008B2EB2 /* Voluntracker */ = {
			isa = PBXGroup;
			children = (
				4B170F6C23E1F8280031C7D0 /* Extensions */,
				4B170F6B23E1F8210031C7D0 /* Views */,
				4B7CFCDE23DEC1CF008B2EB2 /* Controllers */,
				4B7CFCE323DEC1F3008B2EB2 /* Frameworks */,
				4B7CFCE023DEC1E1008B2EB2 /* Helpers */,
				4B7CFCDC23DEC1AC008B2EB2 /* Models */,
				4B7CFCE223DEC1EF008B2EB2 /* Pods */,
				4B7CFCE423DEC3F9008B2EB2 /* Protocols */,
				4B7CFCE523DEC420008B2EB2 /* SupportFiles */,
			);
			path = Voluntracker;
			sourceTree = "<group>";
		};
		4B7CFCDC23DEC1AC008B2EB2 /* Models */ = {
			isa = PBXGroup;
			children = (
				4B7CFCCE23DC0CED008B2EB2 /* Voluntracker.xcdatamodeld */,
			);
			path = Models;
			sourceTree = "<group>";
		};
		4B7CFCDE23DEC1CF008B2EB2 /* Controllers */ = {
			isa = PBXGroup;
			children = (
				4B7CFCC923DC0CED008B2EB2 /* ViewController.swift */,
			);
			path = Controllers;
			sourceTree = "<group>";
		};
		4B7CFCE023DEC1E1008B2EB2 /* Helpers */ = {
			isa = PBXGroup;
			children = (
			);
			path = Helpers;
			sourceTree = "<group>";
		};
		4B7CFCE223DEC1EF008B2EB2 /* Pods */ = {
			isa = PBXGroup;
			children = (
			);
			path = Pods;
			sourceTree = "<group>";
		};
		4B7CFCE323DEC1F3008B2EB2 /* Frameworks */ = {
			isa = PBXGroup;
			children = (
			);
			path = Frameworks;
			sourceTree = "<group>";
		};
		4B7CFCE423DEC3F9008B2EB2 /* Protocols */ = {
			isa = PBXGroup;
			children = (
			);
			path = Protocols;
			sourceTree = "<group>";
		};
		4B7CFCE523DEC420008B2EB2 /* SupportFiles */ = {
			isa = PBXGroup;
			children = (
				4B7CFCC723DC0CED008B2EB2 /* AppDelegate.swift */,
				4B7CFCCB23DC0CED008B2EB2 /* Main.storyboard */,
				4B7CFCD323DC0CF0008B2EB2 /* LaunchScreen.storyboard */,
				4B7CFCD123DC0CF0008B2EB2 /* Assets.xcassets */,
				4B7CFCE623DEC461008B2EB2 /* Default-568h@2x.png */,
				4B7CFCD623DC0CF0008B2EB2 /* Info.plist */,
			);
			path = SupportFiles;
			sourceTree = "<group>";
		};
/* End PBXGroup section */

/* Begin PBXNativeTarget section */
		4B7CFCC323DC0CED008B2EB2 /* Voluntracker */ = {
			isa = PBXNativeTarget;
			buildConfigurationList = 4B7CFCD923DC0CF0008B2EB2 /* Build configuration list for PBXNativeTarget "Voluntracker" */;
			buildPhases = (
				4B7CFCC023DC0CED008B2EB2 /* Sources */,
				4B7CFCC123DC0CED008B2EB2 /* Frameworks */,
				4B7CFCC223DC0CED008B2EB2 /* Resources */,
			);
			buildRules = (
			);
			dependencies = (
			);
			name = Voluntracker;
			productName = Voluntracker;
			productReference = 4B7CFCC423DC0CED008B2EB2 /* Voluntracker.app */;
			productType = "com.apple.product-type.application";
		};
/* End PBXNativeTarget section */

/* Begin PBXProject section */
		4B7CFCBC23DC0CED008B2EB2 /* Project object */ = {
			isa = PBXProject;
			attributes = {
				LastSwiftUpdateCheck = 1010;
				LastUpgradeCheck = 1010;
				ORGANIZATIONNAME = "Emily Jewik";
				TargetAttributes = {
					4B7CFCC323DC0CED008B2EB2 = {
						CreatedOnToolsVersion = 10.1;
					};
				};
			};
			buildConfigurationList = 4B7CFCBF23DC0CED008B2EB2 /* Build configuration list for PBXProject "Voluntracker" */;
			compatibilityVersion = "Xcode 9.3";
			developmentRegion = en;
			hasScannedForEncodings = 0;
			knownRegions = (
				en,
				Base,
			);
			mainGroup = 4B7CFCBB23DC0CED008B2EB2;
			productRefGroup = 4B7CFCC523DC0CED008B2EB2 /* Products */;
			projectDirPath = "";
			projectRoot = "";
			targets = (
				4B7CFCC323DC0CED008B2EB2 /* Voluntracker */,
			);
		};
/* End PBXProject section */

/* Begin PBXResourcesBuildPhase section */
		4B7CFCC223DC0CED008B2EB2 /* Resources */ = {
			isa = PBXResourcesBuildPhase;
			buildActionMask = 2147483647;
			files = (
				4B7CFCD523DC0CF0008B2EB2 /* LaunchScreen.storyboard in Resources */,
				4B7CFCE723DEC461008B2EB2 /* Default-568h@2x.png in Resources */,
				4B7CFCD223DC0CF0008B2EB2 /* Assets.xcassets in Resources */,
				4B7CFCCD23DC0CED008B2EB2 /* Main.storyboard in Resources */,
			);
			runOnlyForDeploymentPostprocessing = 0;
		};
/* End PBXResourcesBuildPhase section */

/* Begin PBXSourcesBuildPhase section */
		4B7CFCC023DC0CED008B2EB2 /* Sources */ = {
			isa = PBXSourcesBuildPhase;
			buildActionMask = 2147483647;
			files = (
				4B170F7223E1F88E0031C7D0 /* EntryTableViewCell.swift in Sources */,
				4B7CFCCA23DC0CED008B2EB2 /* ViewController.swift in Sources */,
				4B7CFCD023DC0CED008B2EB2 /* Voluntracker.xcdatamodeld in Sources */,
				4B7CFCC823DC0CED008B2EB2 /* AppDelegate.swift in Sources */,
				4B170F6E23E1F8520031C7D0 /* HoursTableViewCell.swift in Sources */,
				4B170F7023E1F85E0031C7D0 /* DonationTableViewCell.swift in Sources */,
			);
			runOnlyForDeploymentPostprocessing = 0;
		};
/* End PBXSourcesBuildPhase section */

/* Begin PBXVariantGroup section */
		4B7CFCCB23DC0CED008B2EB2 /* Main.storyboard */ = {
			isa = PBXVariantGroup;
			children = (
				4B7CFCCC23DC0CED008B2EB2 /* Base */,
			);
			name = Main.storyboard;
			sourceTree = "<group>";
		};
		4B7CFCD323DC0CF0008B2EB2 /* LaunchScreen.storyboard */ = {
			isa = PBXVariantGroup;
			children = (
				4B7CFCD423DC0CF0008B2EB2 /* Base */,
			);
			name = LaunchScreen.storyboard;
			sourceTree = "<group>";
		};
/* End PBXVariantGroup section */

/* Begin XCBuildConfiguration section */
		4B7CFCD723DC0CF0008B2EB2 /* Debug */ = {
			isa = XCBuildConfiguration;
			buildSettings = {
				ALWAYS_SEARCH_USER_PATHS = NO;
				CLANG_ANALYZER_NONNULL = YES;
				CLANG_ANALYZER_NUMBER_OBJECT_CONVERSION = YES_AGGRESSIVE;
				CLANG_CXX_LANGUAGE_STANDARD = "gnu++14";
				CLANG_CXX_LIBRARY = "libc++";
				CLANG_ENABLE_MODULES = YES;
				CLANG_ENABLE_OBJC_ARC = YES;
				CLANG_ENABLE_OBJC_WEAK = YES;
				CLANG_WARN_BLOCK_CAPTURE_AUTORELEASING = YES;
				CLANG_WARN_BOOL_CONVERSION = YES;
				CLANG_WARN_COMMA = YES;
				CLANG_WARN_CONSTANT_CONVERSION = YES;
				CLANG_WARN_DEPRECATED_OBJC_IMPLEMENTATIONS = YES;
				CLANG_WARN_DIRECT_OBJC_ISA_USAGE = YES_ERROR;
				CLANG_WARN_DOCUMENTATION_COMMENTS = YES;
				CLANG_WARN_EMPTY_BODY = YES;
				CLANG_WARN_ENUM_CONVERSION = YES;
				CLANG_WARN_INFINITE_RECURSION = YES;
				CLANG_WARN_INT_CONVERSION = YES;
				CLANG_WARN_NON_LITERAL_NULL_CONVERSION = YES;
				CLANG_WARN_OBJC_IMPLICIT_RETAIN_SELF = YES;
				CLANG_WARN_OBJC_LITERAL_CONVERSION = YES;
				CLANG_WARN_OBJC_ROOT_CLASS = YES_ERROR;
				CLANG_WARN_RANGE_LOOP_ANALYSIS = YES;
				CLANG_WARN_STRICT_PROTOTYPES = YES;
				CLANG_WARN_SUSPICIOUS_MOVE = YES;
				CLANG_WARN_UNGUARDED_AVAILABILITY = YES_AGGRESSIVE;
				CLANG_WARN_UNREACHABLE_CODE = YES;
				CLANG_WARN__DUPLICATE_METHOD_MATCH = YES;
				CODE_SIGN_IDENTITY = "iPhone Developer";
				COPY_PHASE_STRIP = NO;
				DEBUG_INFORMATION_FORMAT = dwarf;
				ENABLE_STRICT_OBJC_MSGSEND = YES;
				ENABLE_TESTABILITY = YES;
				GCC_C_LANGUAGE_STANDARD = gnu11;
				GCC_DYNAMIC_NO_PIC = NO;
				GCC_NO_COMMON_BLOCKS = YES;
				GCC_OPTIMIZATION_LEVEL = 0;
				GCC_PREPROCESSOR_DEFINITIONS = (
					"DEBUG=1",
					"$(inherited)",
				);
				GCC_WARN_64_TO_32_BIT_CONVERSION = YES;
				GCC_WARN_ABOUT_RETURN_TYPE = YES_ERROR;
				GCC_WARN_UNDECLARED_SELECTOR = YES;
				GCC_WARN_UNINITIALIZED_AUTOS = YES_AGGRESSIVE;
				GCC_WARN_UNUSED_FUNCTION = YES;
				GCC_WARN_UNUSED_VARIABLE = YES;
				IPHONEOS_DEPLOYMENT_TARGET = 12.1;
				MTL_ENABLE_DEBUG_INFO = INCLUDE_SOURCE;
				MTL_FAST_MATH = YES;
				ONLY_ACTIVE_ARCH = YES;
				SDKROOT = iphoneos;
				SWIFT_ACTIVE_COMPILATION_CONDITIONS = DEBUG;
				SWIFT_OPTIMIZATION_LEVEL = "-Onone";
			};
			name = Debug;
		};
		4B7CFCD823DC0CF0008B2EB2 /* Release */ = {
			isa = XCBuildConfiguration;
			buildSettings = {
				ALWAYS_SEARCH_USER_PATHS = NO;
				CLANG_ANALYZER_NONNULL = YES;
				CLANG_ANALYZER_NUMBER_OBJECT_CONVERSION = YES_AGGRESSIVE;
				CLANG_CXX_LANGUAGE_STANDARD = "gnu++14";
				CLANG_CXX_LIBRARY = "libc++";
				CLANG_ENABLE_MODULES = YES;
				CLANG_ENABLE_OBJC_ARC = YES;
				CLANG_ENABLE_OBJC_WEAK = YES;
				CLANG_WARN_BLOCK_CAPTURE_AUTORELEASING = YES;
				CLANG_WARN_BOOL_CONVERSION = YES;
				CLANG_WARN_COMMA = YES;
				CLANG_WARN_CONSTANT_CONVERSION = YES;
				CLANG_WARN_DEPRECATED_OBJC_IMPLEMENTATIONS = YES;
				CLANG_WARN_DIRECT_OBJC_ISA_USAGE = YES_ERROR;
				CLANG_WARN_DOCUMENTATION_COMMENTS = YES;
				CLANG_WARN_EMPTY_BODY = YES;
				CLANG_WARN_ENUM_CONVERSION = YES;
				CLANG_WARN_INFINITE_RECURSION = YES;
				CLANG_WARN_INT_CONVERSION = YES;
				CLANG_WARN_NON_LITERAL_NULL_CONVERSION = YES;
				CLANG_WARN_OBJC_IMPLICIT_RETAIN_SELF = YES;
				CLANG_WARN_OBJC_LITERAL_CONVERSION = YES;
				CLANG_WARN_OBJC_ROOT_CLASS = YES_ERROR;
				CLANG_WARN_RANGE_LOOP_ANALYSIS = YES;
				CLANG_WARN_STRICT_PROTOTYPES = YES;
				CLANG_WARN_SUSPICIOUS_MOVE = YES;
				CLANG_WARN_UNGUARDED_AVAILABILITY = YES_AGGRESSIVE;
				CLANG_WARN_UNREACHABLE_CODE = YES;
				CLANG_WARN__DUPLICATE_METHOD_MATCH = YES;
				CODE_SIGN_IDENTITY = "iPhone Developer";
				COPY_PHASE_STRIP = NO;
				DEBUG_INFORMATION_FORMAT = "dwarf-with-dsym";
				ENABLE_NS_ASSERTIONS = NO;
				ENABLE_STRICT_OBJC_MSGSEND = YES;
				GCC_C_LANGUAGE_STANDARD = gnu11;
				GCC_NO_COMMON_BLOCKS = YES;
				GCC_WARN_64_TO_32_BIT_CONVERSION = YES;
				GCC_WARN_ABOUT_RETURN_TYPE = YES_ERROR;
				GCC_WARN_UNDECLARED_SELECTOR = YES;
				GCC_WARN_UNINITIALIZED_AUTOS = YES_AGGRESSIVE;
				GCC_WARN_UNUSED_FUNCTION = YES;
				GCC_WARN_UNUSED_VARIABLE = YES;
				IPHONEOS_DEPLOYMENT_TARGET = 12.1;
				MTL_ENABLE_DEBUG_INFO = NO;
				MTL_FAST_MATH = YES;
				SDKROOT = iphoneos;
				SWIFT_COMPILATION_MODE = wholemodule;
				SWIFT_OPTIMIZATION_LEVEL = "-O";
				VALIDATE_PRODUCT = YES;
			};
			name = Release;
		};
		4B7CFCDA23DC0CF0008B2EB2 /* Debug */ = {
			isa = XCBuildConfiguration;
			buildSettings = {
				ASSETCATALOG_COMPILER_APPICON_NAME = AppIcon;
				CODE_SIGN_STYLE = Automatic;
				DEVELOPMENT_TEAM = PGAF8QBXHU;
				INFOPLIST_FILE = "$(SRCROOT)/Voluntracker/SupportFiles/Info.plist";
				LD_RUNPATH_SEARCH_PATHS = (
					"$(inherited)",
					"@executable_path/Frameworks",
				);
				PRODUCT_BUNDLE_IDENTIFIER = com.EmilyJewik.Voluntracker;
				PRODUCT_NAME = "$(TARGET_NAME)";
				SWIFT_VERSION = 4.2;
				TARGETED_DEVICE_FAMILY = "1,2";
			};
			name = Debug;
		};
		4B7CFCDB23DC0CF0008B2EB2 /* Release */ = {
			isa = XCBuildConfiguration;
			buildSettings = {
				ASSETCATALOG_COMPILER_APPICON_NAME = AppIcon;
				CODE_SIGN_STYLE = Automatic;
				DEVELOPMENT_TEAM = PGAF8QBXHU;
				INFOPLIST_FILE = "$(SRCROOT)/Voluntracker/SupportFiles/Info.plist";
				LD_RUNPATH_SEARCH_PATHS = (
					"$(inherited)",
					"@executable_path/Frameworks",
				);
				PRODUCT_BUNDLE_IDENTIFIER = com.EmilyJewik.Voluntracker;
				PRODUCT_NAME = "$(TARGET_NAME)";
				SWIFT_VERSION = 4.2;
				TARGETED_DEVICE_FAMILY = "1,2";
			};
			name = Release;
		};
/* End XCBuildConfiguration section */

/* Begin XCConfigurationList section */
		4B7CFCBF23DC0CED008B2EB2 /* Build configuration list for PBXProject "Voluntracker" */ = {
			isa = XCConfigurationList;
			buildConfigurations = (
				4B7CFCD723DC0CF0008B2EB2 /* Debug */,
				4B7CFCD823DC0CF0008B2EB2 /* Release */,
			);
			defaultConfigurationIsVisible = 0;
			defaultConfigurationName = Release;
		};
		4B7CFCD923DC0CF0008B2EB2 /* Build configuration list for PBXNativeTarget "Voluntracker" */ = {
			isa = XCConfigurationList;
			buildConfigurations = (
				4B7CFCDA23DC0CF0008B2EB2 /* Debug */,
				4B7CFCDB23DC0CF0008B2EB2 /* Release */,
			);
			defaultConfigurationIsVisible = 0;
			defaultConfigurationName = Release;
		};
/* End XCConfigurationList section */

/* Begin XCVersionGroup section */
		4B7CFCCE23DC0CED008B2EB2 /* Voluntracker.xcdatamodeld */ = {
			isa = XCVersionGroup;
			children = (
				4B7CFCCF23DC0CED008B2EB2 /* Voluntracker.xcdatamodel */,
			);
			currentVersion = 4B7CFCCF23DC0CED008B2EB2 /* Voluntracker.xcdatamodel */;
			path = Voluntracker.xcdatamodeld;
			sourceTree = "<group>";
			versionGroupType = wrapper.xcdatamodel;
		};
/* End XCVersionGroup section */
	};
	rootObject = 4B7CFCBC23DC0CED008B2EB2 /* Project object */;
}
